PODS:
  - YandexMobileMetrica (4.0.0):
    - YandexMobileMetrica/Static (= 4.0.0)
  - YandexMobileMetrica/Static (4.0.0):
    - YandexMobileMetrica/Static/Core (= 4.0.0)
    - YandexMobileMetrica/Static/Crashes (= 4.0.0)
  - YandexMobileMetrica/Static/Core (4.0.0)
  - YandexMobileMetrica/Static/Crashes (4.0.0):
    - YandexMobileMetrica/Static/Core

DEPENDENCIES:
  - YandexMobileMetrica (= 4.0.0)

SPEC REPOS:
  trunk:
    - YandexMobileMetrica

SPEC CHECKSUMS:
  YandexMobileMetrica: 85ba4c1a6839985d58bf45ec7f915e433525b094

PODFILE CHECKSUM: 0627bb7a842c1233e71700a21a63fad8078d2209

COCOAPODS: 1.11.2
