// !$*UTF8*$!
{
	archiveVersion = 1;
	classes = {
	};
	objectVersion = 51;
	objects = {

/* Begin PBXBuildFile section */
		220429F7235E22460054D4DD /* AppDelegate.swift in Sources */ = {isa = PBXBuildFile; fileRef = 220429F6235E22460054D4DD /* AppDelegate.swift */; };
		220429F9235E22460054D4DD /* SceneDelegate.swift in Sources */ = {isa = PBXBuildFile; fileRef = 220429F8235E22460054D4DD /* SceneDelegate.swift */; };
		220429FB235E22460054D4DD /* SingInViewController.swift in Sources */ = {isa = PBXBuildFile; fileRef = 220429FA235E22460054D4DD /* SingInViewController.swift */; };
		22042A01235E22460054D4DD /* mpges_lk.xcdatamodeld in Sources */ = {isa = PBXBuildFile; fileRef = 220429FF235E22460054D4DD /* mpges_lk.xcdatamodeld */; };
		22042A03235E224D0054D4DD /* Assets.xcassets in Resources */ = {isa = PBXBuildFile; fileRef = 22042A02235E224D0054D4DD /* Assets.xcassets */; };
		22042A06235E224D0054D4DD /* LaunchScreen.storyboard in Resources */ = {isa = PBXBuildFile; fileRef = 22042A04235E224D0054D4DD /* LaunchScreen.storyboard */; };
		22042A0E235F5DA20054D4DD /* MainViewController.swift in Sources */ = {isa = PBXBuildFile; fileRef = 22042A0D235F5DA20054D4DD /* MainViewController.swift */; };
		22042A13235F60730054D4DD /* Login.storyboard in Resources */ = {isa = PBXBuildFile; fileRef = 22042A12235F60730054D4DD /* Login.storyboard */; };
		223FDF8023D0303E0029E547 /* Contracts.storyboard in Resources */ = {isa = PBXBuildFile; fileRef = 223FDF7F23D0303E0029E547 /* Contracts.storyboard */; };
		223FDF8323D031230029E547 /* Profile.storyboard in Resources */ = {isa = PBXBuildFile; fileRef = 223FDF8223D031230029E547 /* Profile.storyboard */; };
		223FDF8523D08A600029E547 /* DeviceModel.swift in Sources */ = {isa = PBXBuildFile; fileRef = 223FDF8423D08A600029E547 /* DeviceModel.swift */; };
		223FDF8723D0928C0029E547 /* PaymentModel.swift in Sources */ = {isa = PBXBuildFile; fileRef = 223FDF8623D0928C0029E547 /* PaymentModel.swift */; };
		223FDF8923D092BD0029E547 /* ContractModel.swift in Sources */ = {isa = PBXBuildFile; fileRef = 223FDF8823D092BD0029E547 /* ContractModel.swift */; };
		223FDF8B23D093180029E547 /* InvoiceModel.swift in Sources */ = {isa = PBXBuildFile; fileRef = 223FDF8A23D093180029E547 /* InvoiceModel.swift */; };
		223FDF8D23D0C56C0029E547 /* CalculationsTVController.swift in Sources */ = {isa = PBXBuildFile; fileRef = 223FDF8C23D0C56C0029E547 /* CalculationsTVController.swift */; };
		223FDF8F23D0CD5F0029E547 /* DevicesTVController.swift in Sources */ = {isa = PBXBuildFile; fileRef = 223FDF8E23D0CD5F0029E547 /* DevicesTVController.swift */; };
		223FDF9123D0CFFC0029E547 /* ContractsTVController.swift in Sources */ = {isa = PBXBuildFile; fileRef = 223FDF9023D0CFFC0029E547 /* ContractsTVController.swift */; };
		223FDF9323D0D1520029E547 /* ProfileViewController.swift in Sources */ = {isa = PBXBuildFile; fileRef = 223FDF9223D0D1520029E547 /* ProfileViewController.swift */; };
		223FDF9523D0D2700029E547 /* PaymentsTVController.swift in Sources */ = {isa = PBXBuildFile; fileRef = 223FDF9423D0D2700029E547 /* PaymentsTVController.swift */; };
		2253EE2F23CF3335009FD4B5 /* AuthModel.swift in Sources */ = {isa = PBXBuildFile; fileRef = 2253EE2E23CF3335009FD4B5 /* AuthModel.swift */; };
		2253EE3123CF351C009FD4B5 /* AuthResultModel.swift in Sources */ = {isa = PBXBuildFile; fileRef = 2253EE3023CF351C009FD4B5 /* AuthResultModel.swift */; };
		226A8B3623D421D9009B3B67 /* PaymentTVCell.swift in Sources */ = {isa = PBXBuildFile; fileRef = 226A8B3523D421D9009B3B67 /* PaymentTVCell.swift */; };
		226A8B3823D42313009B3B67 /* PaymentsTVControllerDelegate.swift in Sources */ = {isa = PBXBuildFile; fileRef = 226A8B3723D42313009B3B67 /* PaymentsTVControllerDelegate.swift */; };
		226A8B3A23D42DEB009B3B67 /* PaymentInfoTVController.swift in Sources */ = {isa = PBXBuildFile; fileRef = 226A8B3923D42DEB009B3B67 /* PaymentInfoTVController.swift */; };
		226A8B3C23D43901009B3B67 /* ApiServiceAdapter.swift in Sources */ = {isa = PBXBuildFile; fileRef = 226A8B3B23D43901009B3B67 /* ApiServiceAdapter.swift */; };
		226A8B3E23D49ED7009B3B67 /* DateHelper.swift in Sources */ = {isa = PBXBuildFile; fileRef = 226A8B3D23D49ED7009B3B67 /* DateHelper.swift */; };
		226AA7C723CE24BF003F006A /* ApiService.swift in Sources */ = {isa = PBXBuildFile; fileRef = 226AA7C623CE24BF003F006A /* ApiService.swift */; };
		226AA7CB23CE30DC003F006A /* ApiServiceProtocol.swift in Sources */ = {isa = PBXBuildFile; fileRef = 226AA7CA23CE30DC003F006A /* ApiServiceProtocol.swift */; };
		226AA7CD23CE30F7003F006A /* UserDataService.swift in Sources */ = {isa = PBXBuildFile; fileRef = 226AA7CC23CE30F7003F006A /* UserDataService.swift */; };
		226AA7CF23CE310E003F006A /* UserDataProtocol.swift in Sources */ = {isa = PBXBuildFile; fileRef = 226AA7CE23CE310E003F006A /* UserDataProtocol.swift */; };
		226AA7D123CE34BF003F006A /* Options.swift in Sources */ = {isa = PBXBuildFile; fileRef = 226AA7D023CE34BF003F006A /* Options.swift */; };
		226AA7D323CE3C44003F006A /* SingUpViewController.swift in Sources */ = {isa = PBXBuildFile; fileRef = 226AA7D223CE3C44003F006A /* SingUpViewController.swift */; };
		2278511123CF949F007F1063 /* Shake.swift in Sources */ = {isa = PBXBuildFile; fileRef = 2278511023CF949F007F1063 /* Shake.swift */; };
		2278511423CF9713007F1063 /* Payments.storyboard in Resources */ = {isa = PBXBuildFile; fileRef = 2278511323CF9713007F1063 /* Payments.storyboard */; };
		2278511723CF979A007F1063 /* Calculations.storyboard in Resources */ = {isa = PBXBuildFile; fileRef = 2278511623CF9799007F1063 /* Calculations.storyboard */; };
		2278511A23CF9B6E007F1063 /* Devices.storyboard in Resources */ = {isa = PBXBuildFile; fileRef = 2278511923CF9B6E007F1063 /* Devices.storyboard */; };
		2291CD3023DE190E0029FCD1 /* MethodApi.swift in Sources */ = {isa = PBXBuildFile; fileRef = 2291CD2F23DE190E0029FCD1 /* MethodApi.swift */; };
		22A08CB423CD8832008A33BD /* Main.storyboard in Resources */ = {isa = PBXBuildFile; fileRef = 22A08CB323CD8832008A33BD /* Main.storyboard */; };
		22A08CB623CD8908008A33BD /* RecoveryPasswordViewController.swift in Sources */ = {isa = PBXBuildFile; fileRef = 22A08CB523CD8908008A33BD /* RecoveryPasswordViewController.swift */; };
		22F1736723D77DF90065751E /* ReceivedDataTVController.swift in Sources */ = {isa = PBXBuildFile; fileRef = 22F1736623D77DF90065751E /* ReceivedDataTVController.swift */; };
		22F1736B23DA124F0065751E /* ReceivedDataTVCell.swift in Sources */ = {isa = PBXBuildFile; fileRef = 22F1736A23DA124F0065751E /* ReceivedDataTVCell.swift */; };
		22F1736D23DA15400065751E /* ReceivedDataModel.swift in Sources */ = {isa = PBXBuildFile; fileRef = 22F1736C23DA15400065751E /* ReceivedDataModel.swift */; };
		22F1736F23DA1DEB0065751E /* CalculationModel.swift in Sources */ = {isa = PBXBuildFile; fileRef = 22F1736E23DA1DEB0065751E /* CalculationModel.swift */; };
		22F1737123DC9D020065751E /* ContractsTVCell.swift in Sources */ = {isa = PBXBuildFile; fileRef = 22F1737023DC9D010065751E /* ContractsTVCell.swift */; };
		22F1737323DCCBE00065751E /* ContractInfoTVController.swift in Sources */ = {isa = PBXBuildFile; fileRef = 22F1737223DCCBE00065751E /* ContractInfoTVController.swift */; };
		22F6C27723D4DE440042E740 /* AddressUnitModel.swift in Sources */ = {isa = PBXBuildFile; fileRef = 22F6C27623D4DE440042E740 /* AddressUnitModel.swift */; };
		22F6C27923D4E1870042E740 /* DeviceTVCell.swift in Sources */ = {isa = PBXBuildFile; fileRef = 22F6C27823D4E1870042E740 /* DeviceTVCell.swift */; };
		55C0B670DA5D35AE2F8E1084 /* Pods_mpges_lk.framework in Frameworks */ = {isa = PBXBuildFile; fileRef = 70F7B11DCB5523E831235362 /* Pods_mpges_lk.framework */; };
/* End PBXBuildFile section */

/* Begin PBXFileReference section */
		0B27E50C44215D2371686D40 /* Pods-mpges.lk.release.xcconfig */ = {isa = PBXFileReference; includeInIndex = 1; lastKnownFileType = text.xcconfig; name = "Pods-mpges.lk.release.xcconfig"; path = "Target Support Files/Pods-mpges.lk/Pods-mpges.lk.release.xcconfig"; sourceTree = "<group>"; };
		220429F3235E22460054D4DD /* mpges.lk.app */ = {isa = PBXFileReference; explicitFileType = wrapper.application; includeInIndex = 0; path = mpges.lk.app; sourceTree = BUILT_PRODUCTS_DIR; };
		220429F6235E22460054D4DD /* AppDelegate.swift */ = {isa = PBXFileReference; lastKnownFileType = sourcecode.swift; path = AppDelegate.swift; sourceTree = "<group>"; };
		220429F8235E22460054D4DD /* SceneDelegate.swift */ = {isa = PBXFileReference; lastKnownFileType = sourcecode.swift; path = SceneDelegate.swift; sourceTree = "<group>"; };
		220429FA235E22460054D4DD /* SingInViewController.swift */ = {isa = PBXFileReference; lastKnownFileType = sourcecode.swift; path = SingInViewController.swift; sourceTree = "<group>"; };
		22042A00235E22460054D4DD /* mpges_lk.xcdatamodel */ = {isa = PBXFileReference; lastKnownFileType = wrapper.xcdatamodel; path = mpges_lk.xcdatamodel; sourceTree = "<group>"; };
		22042A02235E224D0054D4DD /* Assets.xcassets */ = {isa = PBXFileReference; lastKnownFileType = folder.assetcatalog; path = Assets.xcassets; sourceTree = "<group>"; };
		22042A05235E224D0054D4DD /* Base */ = {isa = PBXFileReference; lastKnownFileType = file.storyboard; name = Base; path = Base.lproj/LaunchScreen.storyboard; sourceTree = "<group>"; };
		22042A07235E224D0054D4DD /* Info.plist */ = {isa = PBXFileReference; lastKnownFileType = text.plist.xml; path = Info.plist; sourceTree = "<group>"; };
		22042A0D235F5DA20054D4DD /* MainViewController.swift */ = {isa = PBXFileReference; lastKnownFileType = sourcecode.swift; path = MainViewController.swift; sourceTree = "<group>"; };
		22042A12235F60730054D4DD /* Login.storyboard */ = {isa = PBXFileReference; lastKnownFileType = file.storyboard; path = Login.storyboard; sourceTree = "<group>"; };
		223FDF7F23D0303E0029E547 /* Contracts.storyboard */ = {isa = PBXFileReference; lastKnownFileType = file.storyboard; path = Contracts.storyboard; sourceTree = "<group>"; };
		223FDF8223D031230029E547 /* Profile.storyboard */ = {isa = PBXFileReference; lastKnownFileType = file.storyboard; path = Profile.storyboard; sourceTree = "<group>"; };
		223FDF8423D08A600029E547 /* DeviceModel.swift */ = {isa = PBXFileReference; lastKnownFileType = sourcecode.swift; path = DeviceModel.swift; sourceTree = "<group>"; };
		223FDF8623D0928C0029E547 /* PaymentModel.swift */ = {isa = PBXFileReference; lastKnownFileType = sourcecode.swift; path = PaymentModel.swift; sourceTree = "<group>"; };
		223FDF8823D092BD0029E547 /* ContractModel.swift */ = {isa = PBXFileReference; lastKnownFileType = sourcecode.swift; path = ContractModel.swift; sourceTree = "<group>"; };
		223FDF8A23D093180029E547 /* InvoiceModel.swift */ = {isa = PBXFileReference; lastKnownFileType = sourcecode.swift; path = InvoiceModel.swift; sourceTree = "<group>"; };
		223FDF8C23D0C56C0029E547 /* CalculationsTVController.swift */ = {isa = PBXFileReference; lastKnownFileType = sourcecode.swift; path = CalculationsTVController.swift; sourceTree = "<group>"; };
		223FDF8E23D0CD5F0029E547 /* DevicesTVController.swift */ = {isa = PBXFileReference; lastKnownFileType = sourcecode.swift; path = DevicesTVController.swift; sourceTree = "<group>"; };
		223FDF9023D0CFFC0029E547 /* ContractsTVController.swift */ = {isa = PBXFileReference; lastKnownFileType = sourcecode.swift; path = ContractsTVController.swift; sourceTree = "<group>"; };
		223FDF9223D0D1520029E547 /* ProfileViewController.swift */ = {isa = PBXFileReference; lastKnownFileType = sourcecode.swift; path = ProfileViewController.swift; sourceTree = "<group>"; };
		223FDF9423D0D2700029E547 /* PaymentsTVController.swift */ = {isa = PBXFileReference; lastKnownFileType = sourcecode.swift; path = PaymentsTVController.swift; sourceTree = "<group>"; };
		2253EE2E23CF3335009FD4B5 /* AuthModel.swift */ = {isa = PBXFileReference; lastKnownFileType = sourcecode.swift; path = AuthModel.swift; sourceTree = "<group>"; };
		2253EE3023CF351C009FD4B5 /* AuthResultModel.swift */ = {isa = PBXFileReference; lastKnownFileType = sourcecode.swift; path = AuthResultModel.swift; sourceTree = "<group>"; };
		226A8B3523D421D9009B3B67 /* PaymentTVCell.swift */ = {isa = PBXFileReference; lastKnownFileType = sourcecode.swift; path = PaymentTVCell.swift; sourceTree = "<group>"; };
		226A8B3723D42313009B3B67 /* PaymentsTVControllerDelegate.swift */ = {isa = PBXFileReference; lastKnownFileType = sourcecode.swift; path = PaymentsTVControllerDelegate.swift; sourceTree = "<group>"; };
		226A8B3923D42DEB009B3B67 /* PaymentInfoTVController.swift */ = {isa = PBXFileReference; lastKnownFileType = sourcecode.swift; path = PaymentInfoTVController.swift; sourceTree = "<group>"; };
		226A8B3B23D43901009B3B67 /* ApiServiceAdapter.swift */ = {isa = PBXFileReference; lastKnownFileType = sourcecode.swift; path = ApiServiceAdapter.swift; sourceTree = "<group>"; };
		226A8B3D23D49ED7009B3B67 /* DateHelper.swift */ = {isa = PBXFileReference; lastKnownFileType = sourcecode.swift; path = DateHelper.swift; sourceTree = "<group>"; };
		226AA7C623CE24BF003F006A /* ApiService.swift */ = {isa = PBXFileReference; lastKnownFileType = sourcecode.swift; path = ApiService.swift; sourceTree = "<group>"; };
		226AA7CA23CE30DC003F006A /* ApiServiceProtocol.swift */ = {isa = PBXFileReference; lastKnownFileType = sourcecode.swift; path = ApiServiceProtocol.swift; sourceTree = "<group>"; };
		226AA7CC23CE30F7003F006A /* UserDataService.swift */ = {isa = PBXFileReference; lastKnownFileType = sourcecode.swift; path = UserDataService.swift; sourceTree = "<group>"; };
		226AA7CE23CE310E003F006A /* UserDataProtocol.swift */ = {isa = PBXFileReference; lastKnownFileType = sourcecode.swift; path = UserDataProtocol.swift; sourceTree = "<group>"; };
		226AA7D023CE34BF003F006A /* Options.swift */ = {isa = PBXFileReference; lastKnownFileType = sourcecode.swift; path = Options.swift; sourceTree = "<group>"; };
		226AA7D223CE3C44003F006A /* SingUpViewController.swift */ = {isa = PBXFileReference; lastKnownFileType = sourcecode.swift; path = SingUpViewController.swift; sourceTree = "<group>"; };
		2278511023CF949F007F1063 /* Shake.swift */ = {isa = PBXFileReference; lastKnownFileType = sourcecode.swift; path = Shake.swift; sourceTree = "<group>"; };
		2278511323CF9713007F1063 /* Payments.storyboard */ = {isa = PBXFileReference; lastKnownFileType = file.storyboard; path = Payments.storyboard; sourceTree = "<group>"; };
		2278511623CF9799007F1063 /* Calculations.storyboard */ = {isa = PBXFileReference; lastKnownFileType = file.storyboard; path = Calculations.storyboard; sourceTree = "<group>"; };
		2278511923CF9B6E007F1063 /* Devices.storyboard */ = {isa = PBXFileReference; lastKnownFileType = file.storyboard; path = Devices.storyboard; sourceTree = "<group>"; };
		2291CD2F23DE190E0029FCD1 /* MethodApi.swift */ = {isa = PBXFileReference; lastKnownFileType = sourcecode.swift; path = MethodApi.swift; sourceTree = "<group>"; };
		22A08CB323CD8832008A33BD /* Main.storyboard */ = {isa = PBXFileReference; fileEncoding = 4; lastKnownFileType = file.storyboard; path = Main.storyboard; sourceTree = "<group>"; };
		22A08CB523CD8908008A33BD /* RecoveryPasswordViewController.swift */ = {isa = PBXFileReference; lastKnownFileType = sourcecode.swift; path = RecoveryPasswordViewController.swift; sourceTree = "<group>"; };
		22F1736623D77DF90065751E /* ReceivedDataTVController.swift */ = {isa = PBXFileReference; lastKnownFileType = sourcecode.swift; path = ReceivedDataTVController.swift; sourceTree = "<group>"; };
		22F1736A23DA124F0065751E /* ReceivedDataTVCell.swift */ = {isa = PBXFileReference; lastKnownFileType = sourcecode.swift; path = ReceivedDataTVCell.swift; sourceTree = "<group>"; };
		22F1736C23DA15400065751E /* ReceivedDataModel.swift */ = {isa = PBXFileReference; lastKnownFileType = sourcecode.swift; path = ReceivedDataModel.swift; sourceTree = "<group>"; };
		22F1736E23DA1DEB0065751E /* CalculationModel.swift */ = {isa = PBXFileReference; lastKnownFileType = sourcecode.swift; path = CalculationModel.swift; sourceTree = "<group>"; };
		22F1737023DC9D010065751E /* ContractsTVCell.swift */ = {isa = PBXFileReference; lastKnownFileType = sourcecode.swift; path = ContractsTVCell.swift; sourceTree = "<group>"; };
		22F1737223DCCBE00065751E /* ContractInfoTVController.swift */ = {isa = PBXFileReference; lastKnownFileType = sourcecode.swift; path = ContractInfoTVController.swift; sourceTree = "<group>"; };
		22F6C27623D4DE440042E740 /* AddressUnitModel.swift */ = {isa = PBXFileReference; lastKnownFileType = sourcecode.swift; path = AddressUnitModel.swift; sourceTree = "<group>"; };
		22F6C27823D4E1870042E740 /* DeviceTVCell.swift */ = {isa = PBXFileReference; lastKnownFileType = sourcecode.swift; path = DeviceTVCell.swift; sourceTree = "<group>"; };
		70F7B11DCB5523E831235362 /* Pods_mpges_lk.framework */ = {isa = PBXFileReference; explicitFileType = wrapper.framework; includeInIndex = 0; path = Pods_mpges_lk.framework; sourceTree = BUILT_PRODUCTS_DIR; };
		B0DB7E107EB38889B8235222 /* Pods-mpges.lk.debug.xcconfig */ = {isa = PBXFileReference; includeInIndex = 1; lastKnownFileType = text.xcconfig; name = "Pods-mpges.lk.debug.xcconfig"; path = "Target Support Files/Pods-mpges.lk/Pods-mpges.lk.debug.xcconfig"; sourceTree = "<group>"; };
/* End PBXFileReference section */

/* Begin PBXFrameworksBuildPhase section */
		220429F0235E22460054D4DD /* Frameworks */ = {
			isa = PBXFrameworksBuildPhase;
			buildActionMask = 2147483647;
			files = (
				55C0B670DA5D35AE2F8E1084 /* Pods_mpges_lk.framework in Frameworks */,
			);
			runOnlyForDeploymentPostprocessing = 0;
		};
/* End PBXFrameworksBuildPhase section */

/* Begin PBXGroup section */
		220429EA235E22460054D4DD = {
			isa = PBXGroup;
			children = (
				220429F5235E22460054D4DD /* mpges.lk */,
				220429F4235E22460054D4DD /* Products */,
				BA77AB06EDE1428D2A79D9E3 /* Pods */,
				5E5FDB0E4D4E9FB466307D27 /* Frameworks */,
			);
			sourceTree = "<group>";
		};
		220429F4235E22460054D4DD /* Products */ = {
			isa = PBXGroup;
			children = (
				220429F3235E22460054D4DD /* mpges.lk.app */,
			);
			name = Products;
			sourceTree = "<group>";
		};
		220429F5235E22460054D4DD /* mpges.lk */ = {
			isa = PBXGroup;
			children = (
				22F5DDA923CCE7AF000C3F32 /* App */,
				22F5DDA823CCE6EF000C3F32 /* Core */,
				223FDF7D23D02FC30029E547 /* Helpers */,
				220429F6235E22460054D4DD /* AppDelegate.swift */,
				220429F8235E22460054D4DD /* SceneDelegate.swift */,
				22A08CB323CD8832008A33BD /* Main.storyboard */,
				22042A0D235F5DA20054D4DD /* MainViewController.swift */,
				22042A02235E224D0054D4DD /* Assets.xcassets */,
				22042A04235E224D0054D4DD /* LaunchScreen.storyboard */,
				22042A07235E224D0054D4DD /* Info.plist */,
				220429FF235E22460054D4DD /* mpges_lk.xcdatamodeld */,
			);
			path = mpges.lk;
			sourceTree = "<group>";
		};
		22042A11235F602F0054D4DD /* Account */ = {
			isa = PBXGroup;
			children = (
				220429FA235E22460054D4DD /* SingInViewController.swift */,
				22A08CB523CD8908008A33BD /* RecoveryPasswordViewController.swift */,
				22042A12235F60730054D4DD /* Login.storyboard */,
				226AA7D223CE3C44003F006A /* SingUpViewController.swift */,
			);
			path = Account;
			sourceTree = "<group>";
		};
		223FDF7D23D02FC30029E547 /* Helpers */ = {
			isa = PBXGroup;
			children = (
				2278511023CF949F007F1063 /* Shake.swift */,
				226AA7D023CE34BF003F006A /* Options.swift */,
				226A8B3D23D49ED7009B3B67 /* DateHelper.swift */,
				2291CD2F23DE190E0029FCD1 /* MethodApi.swift */,
			);
			path = Helpers;
			sourceTree = "<group>";
		};
		223FDF7E23D030130029E547 /* Contracts */ = {
			isa = PBXGroup;
			children = (
				223FDF7F23D0303E0029E547 /* Contracts.storyboard */,
				223FDF9023D0CFFC0029E547 /* ContractsTVController.swift */,
				22F1737023DC9D010065751E /* ContractsTVCell.swift */,
				22F1737223DCCBE00065751E /* ContractInfoTVController.swift */,
			);
			path = Contracts;
			sourceTree = "<group>";
		};
		223FDF8123D030FC0029E547 /* Profiles */ = {
			isa = PBXGroup;
			children = (
				223FDF8223D031230029E547 /* Profile.storyboard */,
				223FDF9223D0D1520029E547 /* ProfileViewController.swift */,
			);
			path = Profiles;
			sourceTree = "<group>";
		};
		226AA7C523CE2480003F006A /* Services */ = {
			isa = PBXGroup;
			children = (
				226AA7C623CE24BF003F006A /* ApiService.swift */,
				226AA7CC23CE30F7003F006A /* UserDataService.swift */,
				226A8B3B23D43901009B3B67 /* ApiServiceAdapter.swift */,
			);
			path = Services;
			sourceTree = "<group>";
		};
		226AA7C823CE24CA003F006A /* Protocols */ = {
			isa = PBXGroup;
			children = (
				226AA7CA23CE30DC003F006A /* ApiServiceProtocol.swift */,
				226AA7CE23CE310E003F006A /* UserDataProtocol.swift */,
				226A8B3723D42313009B3B67 /* PaymentsTVControllerDelegate.swift */,
			);
			path = Protocols;
			sourceTree = "<group>";
		};
		226AA7C923CE24DA003F006A /* Models */ = {
			isa = PBXGroup;
			children = (
				2253EE2E23CF3335009FD4B5 /* AuthModel.swift */,
				2253EE3023CF351C009FD4B5 /* AuthResultModel.swift */,
				223FDF8423D08A600029E547 /* DeviceModel.swift */,
				223FDF8623D0928C0029E547 /* PaymentModel.swift */,
				223FDF8823D092BD0029E547 /* ContractModel.swift */,
				223FDF8A23D093180029E547 /* InvoiceModel.swift */,
				22F6C27623D4DE440042E740 /* AddressUnitModel.swift */,
				22F1736C23DA15400065751E /* ReceivedDataModel.swift */,
				22F1736E23DA1DEB0065751E /* CalculationModel.swift */,
			);
			path = Models;
			sourceTree = "<group>";
		};
		2278511223CF96AF007F1063 /* Payments */ = {
			isa = PBXGroup;
			children = (
				2278511323CF9713007F1063 /* Payments.storyboard */,
				223FDF9423D0D2700029E547 /* PaymentsTVController.swift */,
				226A8B3523D421D9009B3B67 /* PaymentTVCell.swift */,
				226A8B3923D42DEB009B3B67 /* PaymentInfoTVController.swift */,
			);
			path = Payments;
			sourceTree = "<group>";
		};
		2278511523CF9763007F1063 /* Calculations */ = {
			isa = PBXGroup;
			children = (
				2278511623CF9799007F1063 /* Calculations.storyboard */,
				223FDF8C23D0C56C0029E547 /* CalculationsTVController.swift */,
			);
			path = Calculations;
			sourceTree = "<group>";
		};
		2278511823CF9B4E007F1063 /* Devices */ = {
			isa = PBXGroup;
			children = (
				2278511923CF9B6E007F1063 /* Devices.storyboard */,
				223FDF8E23D0CD5F0029E547 /* DevicesTVController.swift */,
				22F6C27823D4E1870042E740 /* DeviceTVCell.swift */,
				22F1736623D77DF90065751E /* ReceivedDataTVController.swift */,
				22F1736A23DA124F0065751E /* ReceivedDataTVCell.swift */,
			);
			path = Devices;
			sourceTree = "<group>";
		};
		22F5DDA823CCE6EF000C3F32 /* Core */ = {
			isa = PBXGroup;
			children = (
				226AA7C923CE24DA003F006A /* Models */,
				226AA7C823CE24CA003F006A /* Protocols */,
				226AA7C523CE2480003F006A /* Services */,
			);
			path = Core;
			sourceTree = "<group>";
		};
		22F5DDA923CCE7AF000C3F32 /* App */ = {
			isa = PBXGroup;
			children = (
				223FDF8123D030FC0029E547 /* Profiles */,
				223FDF7E23D030130029E547 /* Contracts */,
				22042A11235F602F0054D4DD /* Account */,
				2278511823CF9B4E007F1063 /* Devices */,
				2278511523CF9763007F1063 /* Calculations */,
				2278511223CF96AF007F1063 /* Payments */,
			);
			path = App;
			sourceTree = "<group>";
		};
		5E5FDB0E4D4E9FB466307D27 /* Frameworks */ = {
			isa = PBXGroup;
			children = (
				70F7B11DCB5523E831235362 /* Pods_mpges_lk.framework */,
			);
			name = Frameworks;
			sourceTree = "<group>";
		};
		BA77AB06EDE1428D2A79D9E3 /* Pods */ = {
			isa = PBXGroup;
			children = (
				B0DB7E107EB38889B8235222 /* Pods-mpges.lk.debug.xcconfig */,
				0B27E50C44215D2371686D40 /* Pods-mpges.lk.release.xcconfig */,
			);
			path = Pods;
			sourceTree = "<group>";
		};
/* End PBXGroup section */

/* Begin PBXNativeTarget section */
		220429F2235E22460054D4DD /* mpges.lk */ = {
			isa = PBXNativeTarget;
			buildConfigurationList = 22042A0A235E224D0054D4DD /* Build configuration list for PBXNativeTarget "mpges.lk" */;
			buildPhases = (
				AF762B380121D3AE6C387348 /* [CP] Check Pods Manifest.lock */,
				220429EF235E22460054D4DD /* Sources */,
				220429F0235E22460054D4DD /* Frameworks */,
				220429F1235E22460054D4DD /* Resources */,
				3525EC9DFF41762D27B35893 /* [CP] Embed Pods Frameworks */,
			);
			buildRules = (
			);
			dependencies = (
			);
			name = mpges.lk;
			productName = mpges.lk;
			productReference = 220429F3235E22460054D4DD /* mpges.lk.app */;
			productType = "com.apple.product-type.application";
		};
/* End PBXNativeTarget section */

/* Begin PBXProject section */
		220429EB235E22460054D4DD /* Project object */ = {
			isa = PBXProject;
			attributes = {
				LastSwiftUpdateCheck = 1110;
				LastUpgradeCheck = 1110;
				ORGANIZATIONNAME = ChalimovTimur;
				TargetAttributes = {
					220429F2235E22460054D4DD = {
						CreatedOnToolsVersion = 11.1;
					};
				};
			};
			buildConfigurationList = 220429EE235E22460054D4DD /* Build configuration list for PBXProject "mpges.lk" */;
			compatibilityVersion = "Xcode 9.3";
			developmentRegion = en;
			hasScannedForEncodings = 0;
			knownRegions = (
				en,
				Base,
			);
			mainGroup = 220429EA235E22460054D4DD;
			productRefGroup = 220429F4235E22460054D4DD /* Products */;
			projectDirPath = "";
			projectRoot = "";
			targets = (
				220429F2235E22460054D4DD /* mpges.lk */,
			);
		};
/* End PBXProject section */

/* Begin PBXResourcesBuildPhase section */
		220429F1235E22460054D4DD /* Resources */ = {
			isa = PBXResourcesBuildPhase;
			buildActionMask = 2147483647;
			files = (
				223FDF8323D031230029E547 /* Profile.storyboard in Resources */,
				22A08CB423CD8832008A33BD /* Main.storyboard in Resources */,
				22042A06235E224D0054D4DD /* LaunchScreen.storyboard in Resources */,
				2278511723CF979A007F1063 /* Calculations.storyboard in Resources */,
				22042A03235E224D0054D4DD /* Assets.xcassets in Resources */,
				223FDF8023D0303E0029E547 /* Contracts.storyboard in Resources */,
				2278511A23CF9B6E007F1063 /* Devices.storyboard in Resources */,
				22042A13235F60730054D4DD /* Login.storyboard in Resources */,
				2278511423CF9713007F1063 /* Payments.storyboard in Resources */,
			);
			runOnlyForDeploymentPostprocessing = 0;
		};
/* End PBXResourcesBuildPhase section */

/* Begin PBXShellScriptBuildPhase section */
		3525EC9DFF41762D27B35893 /* [CP] Embed Pods Frameworks */ = {
			isa = PBXShellScriptBuildPhase;
			buildActionMask = 2147483647;
			files = (
			);
			inputFileListPaths = (
				"${PODS_ROOT}/Target Support Files/Pods-mpges.lk/Pods-mpges.lk-frameworks-${CONFIGURATION}-input-files.xcfilelist",
			);
			name = "[CP] Embed Pods Frameworks";
			outputFileListPaths = (
				"${PODS_ROOT}/Target Support Files/Pods-mpges.lk/Pods-mpges.lk-frameworks-${CONFIGURATION}-output-files.xcfilelist",
			);
			runOnlyForDeploymentPostprocessing = 0;
			shellPath = /bin/sh;
			shellScript = "\"${PODS_ROOT}/Target Support Files/Pods-mpges.lk/Pods-mpges.lk-frameworks.sh\"\n";
			showEnvVarsInLog = 0;
		};
		AF762B380121D3AE6C387348 /* [CP] Check Pods Manifest.lock */ = {
			isa = PBXShellScriptBuildPhase;
			buildActionMask = 2147483647;
			files = (
			);
			inputFileListPaths = (
			);
			inputPaths = (
				"${PODS_PODFILE_DIR_PATH}/Podfile.lock",
				"${PODS_ROOT}/Manifest.lock",
			);
			name = "[CP] Check Pods Manifest.lock";
			outputFileListPaths = (
			);
			outputPaths = (
				"$(DERIVED_FILE_DIR)/Pods-mpges.lk-checkManifestLockResult.txt",
			);
			runOnlyForDeploymentPostprocessing = 0;
			shellPath = /bin/sh;
			shellScript = "diff \"${PODS_PODFILE_DIR_PATH}/Podfile.lock\" \"${PODS_ROOT}/Manifest.lock\" > /dev/null\nif [ $? != 0 ] ; then\n    # print error to STDERR\n    echo \"error: The sandbox is not in sync with the Podfile.lock. Run 'pod install' or update your CocoaPods installation.\" >&2\n    exit 1\nfi\n# This output is used by Xcode 'outputs' to avoid re-running this script phase.\necho \"SUCCESS\" > \"${SCRIPT_OUTPUT_FILE_0}\"\n";
			showEnvVarsInLog = 0;
		};
/* End PBXShellScriptBuildPhase section */

/* Begin PBXSourcesBuildPhase section */
		220429EF235E22460054D4DD /* Sources */ = {
			isa = PBXSourcesBuildPhase;
			buildActionMask = 2147483647;
			files = (
				226AA7CB23CE30DC003F006A /* ApiServiceProtocol.swift in Sources */,
				223FDF9123D0CFFC0029E547 /* ContractsTVController.swift in Sources */,
				22F1736D23DA15400065751E /* ReceivedDataModel.swift in Sources */,
				220429FB235E22460054D4DD /* SingInViewController.swift in Sources */,
				226A8B3E23D49ED7009B3B67 /* DateHelper.swift in Sources */,
				220429F7235E22460054D4DD /* AppDelegate.swift in Sources */,
				223FDF8B23D093180029E547 /* InvoiceModel.swift in Sources */,
				2253EE2F23CF3335009FD4B5 /* AuthModel.swift in Sources */,
				22F1737323DCCBE00065751E /* ContractInfoTVController.swift in Sources */,
				223FDF8D23D0C56C0029E547 /* CalculationsTVController.swift in Sources */,
				22F1736723D77DF90065751E /* ReceivedDataTVController.swift in Sources */,
				226A8B3A23D42DEB009B3B67 /* PaymentInfoTVController.swift in Sources */,
				226AA7D123CE34BF003F006A /* Options.swift in Sources */,
				226AA7CD23CE30F7003F006A /* UserDataService.swift in Sources */,
				226A8B3C23D43901009B3B67 /* ApiServiceAdapter.swift in Sources */,
				220429F9235E22460054D4DD /* SceneDelegate.swift in Sources */,
				22042A01235E22460054D4DD /* mpges_lk.xcdatamodeld in Sources */,
				226AA7CF23CE310E003F006A /* UserDataProtocol.swift in Sources */,
				223FDF9523D0D2700029E547 /* PaymentsTVController.swift in Sources */,
				22A08CB623CD8908008A33BD /* RecoveryPasswordViewController.swift in Sources */,
				22F1736B23DA124F0065751E /* ReceivedDataTVCell.swift in Sources */,
				2291CD3023DE190E0029FCD1 /* MethodApi.swift in Sources */,
				223FDF8F23D0CD5F0029E547 /* DevicesTVController.swift in Sources */,
				226AA7C723CE24BF003F006A /* ApiService.swift in Sources */,
				22F6C27923D4E1870042E740 /* DeviceTVCell.swift in Sources */,
				223FDF9323D0D1520029E547 /* ProfileViewController.swift in Sources */,
				223FDF8923D092BD0029E547 /* ContractModel.swift in Sources */,
				226A8B3623D421D9009B3B67 /* PaymentTVCell.swift in Sources */,
				22F6C27723D4DE440042E740 /* AddressUnitModel.swift in Sources */,
				2278511123CF949F007F1063 /* Shake.swift in Sources */,
				226AA7D323CE3C44003F006A /* SingUpViewController.swift in Sources */,
				223FDF8523D08A600029E547 /* DeviceModel.swift in Sources */,
				22F1736F23DA1DEB0065751E /* CalculationModel.swift in Sources */,
				22F1737123DC9D020065751E /* ContractsTVCell.swift in Sources */,
				223FDF8723D0928C0029E547 /* PaymentModel.swift in Sources */,
				226A8B3823D42313009B3B67 /* PaymentsTVControllerDelegate.swift in Sources */,
				2253EE3123CF351C009FD4B5 /* AuthResultModel.swift in Sources */,
				22042A0E235F5DA20054D4DD /* MainViewController.swift in Sources */,
			);
			runOnlyForDeploymentPostprocessing = 0;
		};
/* End PBXSourcesBuildPhase section */

/* Begin PBXVariantGroup section */
		22042A04235E224D0054D4DD /* LaunchScreen.storyboard */ = {
			isa = PBXVariantGroup;
			children = (
				22042A05235E224D0054D4DD /* Base */,
			);
			name = LaunchScreen.storyboard;
			sourceTree = "<group>";
		};
/* End PBXVariantGroup section */

/* Begin XCBuildConfiguration section */
		22042A08235E224D0054D4DD /* Debug */ = {
			isa = XCBuildConfiguration;
			buildSettings = {
				ALWAYS_SEARCH_USER_PATHS = NO;
				CLANG_ANALYZER_NONNULL = YES;
				CLANG_ANALYZER_NUMBER_OBJECT_CONVERSION = YES_AGGRESSIVE;
				CLANG_CXX_LANGUAGE_STANDARD = "gnu++14";
				CLANG_CXX_LIBRARY = "libc++";
				CLANG_ENABLE_MODULES = YES;
				CLANG_ENABLE_OBJC_ARC = YES;
				CLANG_ENABLE_OBJC_WEAK = YES;
				CLANG_WARN_BLOCK_CAPTURE_AUTORELEASING = YES;
				CLANG_WARN_BOOL_CONVERSION = YES;
				CLANG_WARN_COMMA = YES;
				CLANG_WARN_CONSTANT_CONVERSION = YES;
				CLANG_WARN_DEPRECATED_OBJC_IMPLEMENTATIONS = YES;
				CLANG_WARN_DIRECT_OBJC_ISA_USAGE = YES_ERROR;
				CLANG_WARN_DOCUMENTATION_COMMENTS = YES;
				CLANG_WARN_EMPTY_BODY = YES;
				CLANG_WARN_ENUM_CONVERSION = YES;
				CLANG_WARN_INFINITE_RECURSION = YES;
				CLANG_WARN_INT_CONVERSION = YES;
				CLANG_WARN_NON_LITERAL_NULL_CONVERSION = YES;
				CLANG_WARN_OBJC_IMPLICIT_RETAIN_SELF = YES;
				CLANG_WARN_OBJC_LITERAL_CONVERSION = YES;
				CLANG_WARN_OBJC_ROOT_CLASS = YES_ERROR;
				CLANG_WARN_RANGE_LOOP_ANALYSIS = YES;
				CLANG_WARN_STRICT_PROTOTYPES = YES;
				CLANG_WARN_SUSPICIOUS_MOVE = YES;
				CLANG_WARN_UNGUARDED_AVAILABILITY = YES_AGGRESSIVE;
				CLANG_WARN_UNREACHABLE_CODE = YES;
				CLANG_WARN__DUPLICATE_METHOD_MATCH = YES;
				COPY_PHASE_STRIP = NO;
				DEBUG_INFORMATION_FORMAT = dwarf;
				ENABLE_STRICT_OBJC_MSGSEND = YES;
				ENABLE_TESTABILITY = YES;
				GCC_C_LANGUAGE_STANDARD = gnu11;
				GCC_DYNAMIC_NO_PIC = NO;
				GCC_NO_COMMON_BLOCKS = YES;
				GCC_OPTIMIZATION_LEVEL = 0;
				GCC_PREPROCESSOR_DEFINITIONS = (
					"DEBUG=1",
					"$(inherited)",
				);
				GCC_WARN_64_TO_32_BIT_CONVERSION = YES;
				GCC_WARN_ABOUT_RETURN_TYPE = YES_ERROR;
				GCC_WARN_UNDECLARED_SELECTOR = YES;
				GCC_WARN_UNINITIALIZED_AUTOS = YES_AGGRESSIVE;
				GCC_WARN_UNUSED_FUNCTION = YES;
				GCC_WARN_UNUSED_VARIABLE = YES;
				IPHONEOS_DEPLOYMENT_TARGET = 13.1;
				MTL_ENABLE_DEBUG_INFO = INCLUDE_SOURCE;
				MTL_FAST_MATH = YES;
				ONLY_ACTIVE_ARCH = YES;
				SDKROOT = iphoneos;
				SWIFT_ACTIVE_COMPILATION_CONDITIONS = DEBUG;
				SWIFT_OPTIMIZATION_LEVEL = "-Onone";
			};
			name = Debug;
		};
		22042A09235E224D0054D4DD /* Release */ = {
			isa = XCBuildConfiguration;
			buildSettings = {
				ALWAYS_SEARCH_USER_PATHS = NO;
				CLANG_ANALYZER_NONNULL = YES;
				CLANG_ANALYZER_NUMBER_OBJECT_CONVERSION = YES_AGGRESSIVE;
				CLANG_CXX_LANGUAGE_STANDARD = "gnu++14";
				CLANG_CXX_LIBRARY = "libc++";
				CLANG_ENABLE_MODULES = YES;
				CLANG_ENABLE_OBJC_ARC = YES;
				CLANG_ENABLE_OBJC_WEAK = YES;
				CLANG_WARN_BLOCK_CAPTURE_AUTORELEASING = YES;
				CLANG_WARN_BOOL_CONVERSION = YES;
				CLANG_WARN_COMMA = YES;
				CLANG_WARN_CONSTANT_CONVERSION = YES;
				CLANG_WARN_DEPRECATED_OBJC_IMPLEMENTATIONS = YES;
				CLANG_WARN_DIRECT_OBJC_ISA_USAGE = YES_ERROR;
				CLANG_WARN_DOCUMENTATION_COMMENTS = YES;
				CLANG_WARN_EMPTY_BODY = YES;
				CLANG_WARN_ENUM_CONVERSION = YES;
				CLANG_WARN_INFINITE_RECURSION = YES;
				CLANG_WARN_INT_CONVERSION = YES;
				CLANG_WARN_NON_LITERAL_NULL_CONVERSION = YES;
				CLANG_WARN_OBJC_IMPLICIT_RETAIN_SELF = YES;
				CLANG_WARN_OBJC_LITERAL_CONVERSION = YES;
				CLANG_WARN_OBJC_ROOT_CLASS = YES_ERROR;
				CLANG_WARN_RANGE_LOOP_ANALYSIS = YES;
				CLANG_WARN_STRICT_PROTOTYPES = YES;
				CLANG_WARN_SUSPICIOUS_MOVE = YES;
				CLANG_WARN_UNGUARDED_AVAILABILITY = YES_AGGRESSIVE;
				CLANG_WARN_UNREACHABLE_CODE = YES;
				CLANG_WARN__DUPLICATE_METHOD_MATCH = YES;
				COPY_PHASE_STRIP = NO;
				DEBUG_INFORMATION_FORMAT = "dwarf-with-dsym";
				ENABLE_NS_ASSERTIONS = NO;
				ENABLE_STRICT_OBJC_MSGSEND = YES;
				GCC_C_LANGUAGE_STANDARD = gnu11;
				GCC_NO_COMMON_BLOCKS = YES;
				GCC_WARN_64_TO_32_BIT_CONVERSION = YES;
				GCC_WARN_ABOUT_RETURN_TYPE = YES_ERROR;
				GCC_WARN_UNDECLARED_SELECTOR = YES;
				GCC_WARN_UNINITIALIZED_AUTOS = YES_AGGRESSIVE;
				GCC_WARN_UNUSED_FUNCTION = YES;
				GCC_WARN_UNUSED_VARIABLE = YES;
				IPHONEOS_DEPLOYMENT_TARGET = 13.1;
				MTL_ENABLE_DEBUG_INFO = NO;
				MTL_FAST_MATH = YES;
				SDKROOT = iphoneos;
				SWIFT_COMPILATION_MODE = wholemodule;
				SWIFT_OPTIMIZATION_LEVEL = "-O";
				VALIDATE_PRODUCT = YES;
			};
			name = Release;
		};
		22042A0B235E224D0054D4DD /* Debug */ = {
			isa = XCBuildConfiguration;
			baseConfigurationReference = B0DB7E107EB38889B8235222 /* Pods-mpges.lk.debug.xcconfig */;
			buildSettings = {
				ASSETCATALOG_COMPILER_APPICON_NAME = AppIcon;
				CODE_SIGN_STYLE = Automatic;
				DEVELOPMENT_TEAM = 8P5Z32Z62F;
				INFOPLIST_FILE = mpges.lk/Info.plist;
				LD_RUNPATH_SEARCH_PATHS = (
					"$(inherited)",
					"@executable_path/Frameworks",
				);
				PRODUCT_BUNDLE_IDENTIFIER = "ChalimovTimur.mpges-lk";
				PRODUCT_NAME = "$(TARGET_NAME)";
				SWIFT_VERSION = 5.0;
				TARGETED_DEVICE_FAMILY = "1,2";
			};
			name = Debug;
		};
		22042A0C235E224D0054D4DD /* Release */ = {
			isa = XCBuildConfiguration;
			baseConfigurationReference = 0B27E50C44215D2371686D40 /* Pods-mpges.lk.release.xcconfig */;
			buildSettings = {
				ASSETCATALOG_COMPILER_APPICON_NAME = AppIcon;
				CODE_SIGN_STYLE = Automatic;
				DEVELOPMENT_TEAM = 8P5Z32Z62F;
				INFOPLIST_FILE = mpges.lk/Info.plist;
				LD_RUNPATH_SEARCH_PATHS = (
					"$(inherited)",
					"@executable_path/Frameworks",
				);
				PRODUCT_BUNDLE_IDENTIFIER = "ChalimovTimur.mpges-lk";
				PRODUCT_NAME = "$(TARGET_NAME)";
				SWIFT_VERSION = 5.0;
				TARGETED_DEVICE_FAMILY = "1,2";
			};
			name = Release;
		};
/* End XCBuildConfiguration section */

/* Begin XCConfigurationList section */
		220429EE235E22460054D4DD /* Build configuration list for PBXProject "mpges.lk" */ = {
			isa = XCConfigurationList;
			buildConfigurations = (
				22042A08235E224D0054D4DD /* Debug */,
				22042A09235E224D0054D4DD /* Release */,
			);
			defaultConfigurationIsVisible = 0;
			defaultConfigurationName = Release;
		};
		22042A0A235E224D0054D4DD /* Build configuration list for PBXNativeTarget "mpges.lk" */ = {
			isa = XCConfigurationList;
			buildConfigurations = (
				22042A0B235E224D0054D4DD /* Debug */,
				22042A0C235E224D0054D4DD /* Release */,
			);
			defaultConfigurationIsVisible = 0;
			defaultConfigurationName = Release;
		};
/* End XCConfigurationList section */

/* Begin XCVersionGroup section */
		220429FF235E22460054D4DD /* mpges_lk.xcdatamodeld */ = {
			isa = XCVersionGroup;
			children = (
				22042A00235E22460054D4DD /* mpges_lk.xcdatamodel */,
			);
			currentVersion = 22042A00235E22460054D4DD /* mpges_lk.xcdatamodel */;
			path = mpges_lk.xcdatamodeld;
			sourceTree = "<group>";
			versionGroupType = wrapper.xcdatamodel;
		};
/* End XCVersionGroup section */
	};
	rootObject = 220429EB235E22460054D4DD /* Project object */;
}
