{
  "pins" : [
    {
      "identity" : "acquiringsdk_ios",
      "kind" : "remoteSourceControl",
      "location" : "https://github.com/Tinkoff/AcquiringSdk_IOS.git",
      "state" : {
        "revision" : "c874250ec3a2ce749586702ec7efbbf910fd2b84",
        "version" : "2.11.0"
      }
    },
    {
      "identity" : "alamofire",
      "kind" : "remoteSourceControl",
      "location" : "https://github.com/Alamofire/Alamofire",
      "state" : {
        "revision" : "f96b619bcb2383b43d898402283924b80e2c4bae",
        "version" : "5.4.3"
      }
    },
    {
      "identity" : "realm-cocoa",
      "kind" : "remoteSourceControl",
      "location" : "https://github.com/realm/realm-cocoa",
      "state" : {
        "revision" : "ae4278abe1fcdcd616b410e098a744c1cc73e0bd",
        "version" : "10.31.0"
      }
    },
    {
      "identity" : "realm-core",
      "kind" : "remoteSourceControl",
      "location" : "https://github.com/realm/realm-core",
      "state" : {
        "revision" : "b86d2107fec4246b55af24a3b11e00275575f808",
        "version" : "12.9.0"
      }
    },
    {
      "identity" : "swift-atomics",
      "kind" : "remoteSourceControl",
      "location" : "https://github.com/apple/swift-atomics.git",
      "state" : {
        "revision" : "3e95ba32cd1b4c877f6163e8eea54afc4e63bf9f",
        "version" : "0.0.3"
      }
    },
    {
      "identity" : "swiftkeychainwrapper",
      "kind" : "remoteSourceControl",
      "location" : "https://github.com/jrendel/SwiftKeychainWrapper",
      "state" : {
        "revision" : "185a3165346a03767101c4f62e9a545a0fe0530f",
        "version" : "4.0.1"
      }
    },
    {
      "identity" : "swiftyjson",
      "kind" : "remoteSourceControl",
      "location" : "https://github.com/SwiftyJSON/SwiftyJSON",
      "state" : {
        "revision" : "b3dcd7dbd0d488e1a7077cb33b00f2083e382f07",
        "version" : "5.0.1"
      }
    }
  ],
  "version" : 2
}
